
Microsoft Visual Studio Solution File, Format Version 12.00
# Visual Studio Version 16
VisualStudioVersion = 16.0.28803.202
MinimumVisualStudioVersion = 10.0.40219.1
Project("{9A19103F-16F7-4668-BE54-9A1E7A4F7556}") = "Integral.Console.Interface", "Integral.Console.Interface\Integral.Console.Interface.csproj", "{2CA79014-710B-4A59-A113-28FEC7976155}"
EndProject
Project("{9A19103F-16F7-4668-BE54-9A1E7A4F7556}") = "Integral.Console", "Integral.Console\Integral.Console.csproj", "{60E9B64E-FB36-407C-BD7A-B8EF2E486365}"
EndProject
Project("{9A19103F-16F7-4668-BE54-9A1E7A4F7556}") = "Integral.Console.Tests", "Integral.Console.Tests\Integral.Console.Tests.csproj", "{4C966269-192C-4DB9-B591-3DC64B558902}"
EndProject
Global
	GlobalSection(SolutionConfigurationPlatforms) = preSolution
		Debug|Any CPU = Debug|Any CPU
		Release|Any CPU = Release|Any CPU
	EndGlobalSection
	GlobalSection(ProjectConfigurationPlatforms) = postSolution
		{2CA79014-710B-4A59-A113-28FEC7976155}.Debug|Any CPU.ActiveCfg = Debug|Any CPU
		{2CA79014-710B-4A59-A113-28FEC7976155}.Debug|Any CPU.Build.0 = Debug|Any CPU
		{2CA79014-710B-4A59-A113-28FEC7976155}.Release|Any CPU.ActiveCfg = Release|Any CPU
		{2CA79014-710B-4A59-A113-28FEC7976155}.Release|Any CPU.Build.0 = Release|Any CPU
		{60E9B64E-FB36-407C-BD7A-B8EF2E486365}.Debug|Any CPU.ActiveCfg = Debug|Any CPU
		{60E9B64E-FB36-407C-BD7A-B8EF2E486365}.Debug|Any CPU.Build.0 = Debug|Any CPU
		{60E9B64E-FB36-407C-BD7A-B8EF2E486365}.Release|Any CPU.ActiveCfg = Release|Any CPU
		{60E9B64E-FB36-407C-BD7A-B8EF2E486365}.Release|Any CPU.Build.0 = Release|Any CPU
		{4C966269-192C-4DB9-B591-3DC64B558902}.Debug|Any CPU.ActiveCfg = Debug|Any CPU
		{4C966269-192C-4DB9-B591-3DC64B558902}.Debug|Any CPU.Build.0 = Debug|Any CPU
		{4C966269-192C-4DB9-B591-3DC64B558902}.Release|Any CPU.ActiveCfg = Release|Any CPU
		{4C966269-192C-4DB9-B591-3DC64B558902}.Release|Any CPU.Build.0 = Release|Any CPU
	EndGlobalSection
	GlobalSection(SolutionProperties) = preSolution
		HideSolutionNode = FALSE
	EndGlobalSection
	GlobalSection(ExtensibilityGlobals) = postSolution
		SolutionGuid = {81E22977-782E-4136-B374-743B33D9D956}
	EndGlobalSection
EndGlobal
